
Microsoft Visual Studio Solution File, Format Version 12.00
# Visual Studio Version 17
VisualStudioVersion = 17.0.32014.148
MinimumVisualStudioVersion = 10.0.40219.1
Project("{FAE04EC0-301F-11D3-BF4B-00C04F79EFBC}") = "Ejer1", "Ejer1\Ejer1.csproj", "{562FB2F4-9113-40D0-B30B-1FC4111A4D17}"
EndProject
Project("{FAE04EC0-301F-11D3-BF4B-00C04F79EFBC}") = "Ejer2", "Ejer2\Ejer2.csproj", "{4BD211DA-BF07-47C0-88E7-7DECBC85945F}"
EndProject
Global
	GlobalSection(SolutionConfigurationPlatforms) = preSolution
		Debug|Any CPU = Debug|Any CPU
		Release|Any CPU = Release|Any CPU
	EndGlobalSection
	GlobalSection(ProjectConfigurationPlatforms) = postSolution
		{562FB2F4-9113-40D0-B30B-1FC4111A4D17}.Debug|Any CPU.ActiveCfg = Debug|Any CPU
		{562FB2F4-9113-40D0-B30B-1FC4111A4D17}.Debug|Any CPU.Build.0 = Debug|Any CPU
		{562FB2F4-9113-40D0-B30B-1FC4111A4D17}.Release|Any CPU.ActiveCfg = Release|Any CPU
		{562FB2F4-9113-40D0-B30B-1FC4111A4D17}.Release|Any CPU.Build.0 = Release|Any CPU
		{4BD211DA-BF07-47C0-88E7-7DECBC85945F}.Debug|Any CPU.ActiveCfg = Debug|Any CPU
		{4BD211DA-BF07-47C0-88E7-7DECBC85945F}.Debug|Any CPU.Build.0 = Debug|Any CPU
		{4BD211DA-BF07-47C0-88E7-7DECBC85945F}.Release|Any CPU.ActiveCfg = Release|Any CPU
		{4BD211DA-BF07-47C0-88E7-7DECBC85945F}.Release|Any CPU.Build.0 = Release|Any CPU
	EndGlobalSection
	GlobalSection(SolutionProperties) = preSolution
		HideSolutionNode = FALSE
	EndGlobalSection
	GlobalSection(ExtensibilityGlobals) = postSolution
		SolutionGuid = {F26959EE-6D58-40BC-8FA6-1865F9237655}
	EndGlobalSection
EndGlobal
